{
    "_meta": {
        "hash": {
            "sha256": "4b9538f6f3d199ca6e51d7f420177ec5d283fc83406a7af4a5b3e447e46ad644"
        },
        "pipfile-spec": 6,
        "requires": {},
        "sources": [
            {
                "name": "pypi",
                "url": "https://pypi.org/simple",
                "verify_ssl": true
            }
        ]
    },
    "default": {
        "backoff": {
            "hashes": [
                "sha256:5e73e2cbe780e1915a204799dba0a01896f45f4385e636bcca7a0614d879d0cd",
                "sha256:b8fba021fac74055ac05eb7c7bfce4723aedde6cd0a504e5326bcb0bdd6d19a4"
            ],
            "markers": "python_version >= '2.7' and python_version not in '3.0, 3.1, 3.2, 3.3, 3.4'",
            "version": "==1.10.0"
        },
        "certifi": {
            "hashes": [
                "sha256:35824b4c3a97115964b408844d64aa14db1cc518f6562e8d7261699d1350a9e3",
                "sha256:4ad3232f5e926d6718ec31cfc1fcadfde020920e278684144551c91769c7bc18"
            ],
            "markers": "python_full_version >= '3.6.0'",
            "version": "==2022.12.7"
        },
        "cfgv": {
            "hashes": [
                "sha256:c6a0883f3917a037485059700b9e75da2464e6c27051014ad85ba6aaa5884426",
                "sha256:f5a830efb9ce7a445376bb66ec94c638a9787422f96264c98edc6bdeed8ab736"
            ],
            "markers": "python_full_version >= '3.6.1'",
            "version": "==3.3.1"
        },
        "charset-normalizer": {
            "hashes": [
                "sha256:5a3d016c7c547f69d6f81fb0db9449ce888b418b5b9952cc5e6e66843e9dd845",
                "sha256:83e9a75d1911279afd89352c68b45348559d1fc0506b054b346651b5e7fee29f"
            ],
            "markers": "python_full_version >= '3.6.0'",
            "version": "==2.1.1"
        },
        "deprecated": {
            "hashes": [
                "sha256:43ac5335da90c31c24ba028af536a91d41d53f9e6901ddb021bcc572ce44e38d",
                "sha256:64756e3e14c8c5eea9795d93c524551432a0be75629f8f29e67ab8caf076c76d"
            ],
            "markers": "python_version >= '2.7' and python_version not in '3.0, 3.1, 3.2, 3.3'",
            "version": "==1.2.13"
        },
        "distlib": {
            "hashes": [
                "sha256:14bad2d9b04d3a36127ac97f30b12a19268f211063d8f8ee4f47108896e11b46",
                "sha256:f35c4b692542ca110de7ef0bea44d73981caeb34ca0b9b6b2e6d7790dda8f80e"
            ],
            "version": "==0.3.6"
        },
        "filelock": {
            "hashes": [
                "sha256:7565f628ea56bfcd8e54e42bdc55da899c85c1abfe1b5bcfd147e9188cebb3b2",
                "sha256:8df285554452285f79c035efb0c861eb33a4bcfa5b7a137016e32e6a90f9792c"
            ],
            "markers": "python_version >= '3.7'",
            "version": "==3.8.2"
        },
        "ibm-cos-sdk": {
            "hashes": [
                "sha256:bcd107df196d60ca611a6b0e411d00d36642a9cd89750d97a3c8d1c2c3b88238"
            ],
            "markers": "python_full_version >= '3.6.0'",
            "version": "==2.12.1"
        },
        "ibm-cos-sdk-core": {
            "hashes": [
                "sha256:36f3b499f81c1c838fcbad40849b972a3e62e33a7768d539886817e1b0b3126c"
            ],
            "markers": "python_full_version >= '3.6.0'",
            "version": "==2.12.1"
        },
        "ibm-cos-sdk-s3transfer": {
            "hashes": [
                "sha256:bcf387426c21bff8acbe5798e6cbe711c789f5ab9c3406768380f99b0b45e09b"
            ],
            "markers": "python_full_version >= '3.6.0'",
            "version": "==2.12.1"
        },
        "ibmcloudsql": {
            "editable": true,
            "path": "."
        },
        "identify": {
            "hashes": [
                "sha256:dce9e31fee7dbc45fea36a9e855c316b8fbf807e65a862f160840bb5a2bf5dfd",
                "sha256:fb7c2feaeca6976a3ffa31ec3236a6911fbc51aec9acc111de2aed99f244ade2"
            ],
            "markers": "python_version >= '3.7'",
            "version": "==2.5.10"
        },
        "idna": {
            "hashes": [
                "sha256:814f528e8dead7d329833b91c5faa87d60bf71824cd12a7530b5526063d02cb4",
                "sha256:90b77e79eaa3eba6de819a0c442c0b4ceefc341a7a2ab77d7562bf49f425c5c2"
            ],
            "markers": "python_version >= '3.5'",
            "version": "==3.4"
        },
        "importlib-metadata": {
            "hashes": [
                "sha256:0eafa39ba42bf225fc00e67f701d71f85aead9f878569caf13c3724f704b970f",
                "sha256:404d48d62bba0b7a77ff9d405efd91501bef2e67ff4ace0bed40a0cf28c3c7cd"
            ],
            "markers": "python_version >= '3.7'",
            "version": "==5.2.0"
        },
        "isodate": {
            "hashes": [
                "sha256:0751eece944162659049d35f4f549ed815792b38793f07cf73381c1c87cbed96",
                "sha256:48c5881de7e8b0a0d648cb024c8062dc84e7b840ed81e864c7614fd3c127bde9"
            ],
            "version": "==0.6.1"
        },
        "jmespath": {
            "hashes": [
                "sha256:b85d0567b8666149a93172712e68920734333c0ce7e89b78b3e987f71e5ed4f9",
                "sha256:cdf6525904cc597730141d61b36f2e4b8ecc257c420fa2f4549bac2c2d0cb72f"
            ],
            "markers": "python_version >= '2.6' and python_version not in '3.0, 3.1, 3.2, 3.3'",
            "version": "==0.10.0"
        },
        "nodeenv": {
            "hashes": [
                "sha256:27083a7b96a25f2f5e1d8cb4b6317ee8aeda3bdd121394e5ac54e498028a042e",
                "sha256:e0e7f7dfb85fc5394c6fe1e8fa98131a2473e04311a45afb6508f7cf1836fa2b"
            ],
            "markers": "python_version >= '2.7' and python_version not in '3.0, 3.1, 3.2, 3.3, 3.4, 3.5, 3.6'",
            "version": "==1.7.0"
        },
        "numpy": {
            "hashes": [
                "sha256:0104d8adaa3a4cc60c2777cab5196593bf8a7f416eda133be1f3803dd0838886",
                "sha256:0885d9a7666cafe5f9876c57bfee34226e2b2847bfb94c9505e18d81011e5401",
                "sha256:12bba5561d8118981f2f1ff069ecae200c05d7b6c78a5cdac0911f74bc71cbd1",
                "sha256:2f8e0df2ecc1928ef7256f18e309c9d6229b08b5be859163f5caa59c93d53646",
                "sha256:4445f472b246cad6514cc09fbb5ecb7aab09ca2acc3c16f29f8dca6c468af501",
                "sha256:4d01f7832fa319a36fd75ba10ea4027c9338ede875792f7bf617f4b45056fc3a",
                "sha256:4f5e78b8b710cd7cd1a8145994cfffc6ddd5911669a437777d8cedfce6c83a98",
                "sha256:667b5b1f6a352419e340f6475ef9930348ae5cb7fca15f2cc3afcb530823715e",
                "sha256:6e73a1f4f5b74a42abb55bc2b3d869f1b38cbc8776da5f8b66bf110284f7a437",
                "sha256:73cf2c5b5a07450f20a0c8e04d9955491970177dce8df8d6903bf253e53268e0",
                "sha256:7ad6a024a32ee61d18f5b402cd02e9c0e22c0fb9dc23751991b3a16d209d972e",
                "sha256:8b1ddfac6a82d4f3c8e99436c90b9c2c68c0bb14658d1684cdd00f05fab241f5",
                "sha256:90075ef2c6ac6397d0035bcd8b298b26e481a7035f7a3f382c047eb9c3414db0",
                "sha256:9387c7d6d50e8f8c31e7bfc034241e9c6f4b3eb5db8d118d6487047b922f82af",
                "sha256:9af91f794d2d3007d91d749ebc955302889261db514eb24caef30e03e8ec1e41",
                "sha256:ab11f6a7602cf8ea4c093e091938207de3068c5693a0520168ecf4395750f7ea",
                "sha256:ac4fe68f1a5a18136acebd4eff91aab8bed00d1ef2fdb34b5d9192297ffbbdfc",
                "sha256:ada6c1e9608ceadaf7020e1deea508b73ace85560a16f51bef26aecb93626a72",
                "sha256:c4ab7c9711fe6b235e86487ca74c1b092a6dd59a3cb45b63241ea0a148501853",
                "sha256:cec79ff3984b2d1d103183fc4a3361f5b55bbb66cb395cbf5a920a4bb1fd588d",
                "sha256:cf8960f72997e56781eb1c2ea256a70124f92a543b384f89e5fb3503a308b1d3",
                "sha256:d7f223554aba7280e6057727333ed357b71b7da7422d02ff5e91b857888c25d1",
                "sha256:dbb0490f0a880700a6cc4d000384baf19c1f4df59fff158d9482d4dbbca2b239",
                "sha256:e63d2157f9fc98cc178870db83b0e0c85acdadd598b134b00ebec9e0db57a01f",
                "sha256:ec3e5e8172a0a6a4f3c2e7423d4a8434c41349141b04744b11a90e017a95bad5",
                "sha256:f3c4a9a9f92734a4728ddbd331e0124eabbc968a0359a506e8e74a9b0d2d419b",
                "sha256:f9168790149f917ad8e3cf5047b353fefef753bd50b07c547da0bdf30bc15d91",
                "sha256:fe44e925c68fb5e8db1334bf30ac1a1b6b963b932a19cf41d2e899cf02f36aab"
            ],
            "markers": "python_version >= '3.8'",
            "version": "==1.24.0"
        },
        "packaging": {
            "hashes": [
                "sha256:2198ec20bd4c017b8f9717e00f0c8714076fc2fd93816750ab48e2c41de2cfd3",
                "sha256:957e2148ba0e1a3b282772e791ef1d8083648bc131c8ab0c1feba110ce1146c3"
            ],
            "markers": "python_version >= '3.7'",
            "version": "==22.0"
        },
        "pandas": {
            "hashes": [
                "sha256:0183cb04a057cc38fde5244909fca9826d5d57c4a5b7390c0cc3fa7acd9fa883",
                "sha256:1fc87eac0541a7d24648a001d553406f4256e744d92df1df8ebe41829a915028",
                "sha256:220b98d15cee0b2cd839a6358bd1f273d0356bf964c1a1aeb32d47db0215488b",
                "sha256:2552bffc808641c6eb471e55aa6899fa002ac94e4eebfa9ec058649122db5824",
                "sha256:315e19a3e5c2ab47a67467fc0362cb36c7c60a93b6457f675d7d9615edad2ebe",
                "sha256:344021ed3e639e017b452aa8f5f6bf38a8806f5852e217a7594417fb9bbfa00e",
                "sha256:375262829c8c700c3e7cbb336810b94367b9c4889818bbd910d0ecb4e45dc261",
                "sha256:457d8c3d42314ff47cc2d6c54f8fc0d23954b47977b2caed09cd9635cb75388b",
                "sha256:4aed257c7484d01c9a194d9a94758b37d3d751849c05a0050c087a358c41ad1f",
                "sha256:530948945e7b6c95e6fa7aa4be2be25764af53fba93fe76d912e35d1c9ee46f5",
                "sha256:5ae7e989f12628f41e804847a8cc2943d362440132919a69429d4dea1f164da0",
                "sha256:71f510b0efe1629bf2f7c0eadb1ff0b9cf611e87b73cd017e6b7d6adb40e2b3a",
                "sha256:73f219fdc1777cf3c45fde7f0708732ec6950dfc598afc50588d0d285fddaefc",
                "sha256:8092a368d3eb7116e270525329a3e5c15ae796ccdf7ccb17839a73b4f5084a39",
                "sha256:82ae615826da838a8e5d4d630eb70c993ab8636f0eff13cb28aafc4291b632b5",
                "sha256:9608000a5a45f663be6af5c70c3cbe634fa19243e720eb380c0d378666bc7702",
                "sha256:a40dd1e9f22e01e66ed534d6a965eb99546b41d4d52dbdb66565608fde48203f",
                "sha256:b4f5a82afa4f1ff482ab8ded2ae8a453a2cdfde2001567b3ca24a4c5c5ca0db3",
                "sha256:c009a92e81ce836212ce7aa98b219db7961a8b95999b97af566b8dc8c33e9519",
                "sha256:c218796d59d5abd8780170c937b812c9637e84c32f8271bbf9845970f8c1351f",
                "sha256:cc3cd122bea268998b79adebbb8343b735a5511ec14efb70a39e7acbc11ccbdc",
                "sha256:d0d8fd58df5d17ddb8c72a5075d87cd80d71b542571b5f78178fb067fa4e9c72",
                "sha256:e18bc3764cbb5e118be139b3b611bc3fbc5d3be42a7e827d1096f46087b395eb",
                "sha256:e2b83abd292194f350bb04e188f9379d36b8dfac24dd445d5c87575f3beaf789",
                "sha256:e7469271497960b6a781eaa930cba8af400dd59b62ec9ca2f4d31a19f2f91090",
                "sha256:e9dbacd22555c2d47f262ef96bb4e30880e5956169741400af8b306bbb24a273",
                "sha256:f6257b314fc14958f8122779e5a1557517b0f8e500cfb2bd53fa1f75a8ad0af2"
            ],
            "markers": "python_version >= '3.8'",
            "version": "==1.5.2"
        },
        "platformdirs": {
            "hashes": [
                "sha256:1a89a12377800c81983db6be069ec068eee989748799b946cce2a6e80dcc54ca",
                "sha256:b46ffafa316e6b83b47489d240ce17173f123a9b9c83282141c3daf26ad9ac2e"
            ],
            "markers": "python_version >= '3.7'",
            "version": "==2.6.0"
        },
        "pre-commit": {
            "hashes": [
                "sha256:51a5ba7c480ae8072ecdb6933df22d2f812dc897d5fe848778116129a681aac7",
                "sha256:a978dac7bc9ec0bcee55c18a277d553b0f419d259dadb4b9418ff2d00eb43959"
            ],
            "markers": "python_version >= '3.7'",
            "version": "==2.20.0"
        },
        "pyarrow": {
            "hashes": [
                "sha256:0ec7587d759153f452d5263dbc8b1af318c4609b607be2bd5127dcda6708cdb1",
                "sha256:1765a18205eb1e02ccdedb66049b0ec148c2a0cb52ed1fb3aac322dfc086a6ee",
                "sha256:1a14f57a5f472ce8234f2964cd5184cccaa8df7e04568c64edc33b23eb285dd5",
                "sha256:254017ca43c45c5098b7f2a00e995e1f8346b0fb0be225f042838323bb55283c",
                "sha256:42ba7c5347ce665338f2bc64685d74855900200dac81a972d49fe127e8132f75",
                "sha256:443eb9409b0cf78df10ced326490e1a300205a458fbeb0767b6b31ab3ebae6b2",
                "sha256:61f4c37d82fe00d855d0ab522c685262bdeafd3fbcb5fe596fe15025fbc7341b",
                "sha256:668e00e3b19f183394388a687d29c443eb000fb3fe25599c9b4762a0afd37775",
                "sha256:6f7a7dbe2f7f65ac1d0bd3163f756deb478a9e9afc2269557ed75b1b25ab3610",
                "sha256:70acca1ece4322705652f48db65145b5028f2c01c7e426c5d16a30ba5d739c24",
                "sha256:7b4ede715c004b6fc535de63ef79fa29740b4080639a5ff1ea9ca84e9282f349",
                "sha256:94fb4a0c12a2ac1ed8e7e2aa52aade833772cf2d3de9dde685401b22cec30002",
                "sha256:abb57334f2c57979a49b7be2792c31c23430ca02d24becd0b511cbe7b6b08649",
                "sha256:b069602eb1fc09f1adec0a7bdd7897f4d25575611dfa43543c8b8a75d99d6874",
                "sha256:b1fc226d28c7783b52a84d03a66573d5a22e63f8a24b841d5fc68caeed6784d4",
                "sha256:ba71e6fc348c92477586424566110d332f60d9a35cb85278f42e3473bc1373da",
                "sha256:bf26f809926a9d74e02d76593026f0aaeac48a65b64f1bb17eed9964bfe7ae1a",
                "sha256:cb627673cb98708ef00864e2e243f51ba7b4c1b9f07a1d821f98043eccd3f585",
                "sha256:d1bc6e4d5d6f69e0861d5d7f6cf4d061cf1069cb9d490040129877acf16d4c2a",
                "sha256:db0c5986bf0808927f49640582d2032a07aa49828f14e51f362075f03747d198",
                "sha256:e00174764a8b4e9d8d5909b6d19ee0c217a6cf0232c5682e31fdfbd5a9f0ae52",
                "sha256:e141a65705ac98fa52a9113fe574fdaf87fe0316cde2dffe6b94841d3c61544c",
                "sha256:e3fe5049d2e9ca661d8e43fab6ad5a4c571af12d20a57dffc392a014caebef65",
                "sha256:efa59933b20183c1c13efc34bd91efc6b2997377c4c6ad9272da92d224e3beb1",
                "sha256:f2d00aa481becf57098e85d99e34a25dba5a9ade2f44eb0b7d80c80f2984fc03"
            ],
            "markers": "python_version >= '3.7'",
            "version": "==10.0.1"
        },
        "python-dateutil": {
            "hashes": [
                "sha256:0123cacc1627ae19ddf3c27a5de5bd67ee4586fbdd6440d9748f8abb483d3e86",
                "sha256:961d03dc3453ebbc59dbdea9e4e11c5651520a876d0f4db161e8674aae935da9"
            ],
            "markers": "python_version >= '2.7' and python_version not in '3.0, 3.1, 3.2, 3.3'",
            "version": "==2.8.2"
        },
        "pytz": {
            "hashes": [
                "sha256:7ccfae7b4b2c067464a6733c6261673fdb8fd1be905460396b97a073e9fa683a",
                "sha256:93007def75ae22f7cd991c84e02d434876818661f8df9ad5df9e950ff4e52cfd"
            ],
            "version": "==2022.7"
        },
        "pyyaml": {
            "hashes": [
                "sha256:01b45c0191e6d66c470b6cf1b9531a771a83c1c4208272ead47a3ae4f2f603bf",
                "sha256:0283c35a6a9fbf047493e3a0ce8d79ef5030852c51e9d911a27badfde0605293",
                "sha256:055d937d65826939cb044fc8c9b08889e8c743fdc6a32b33e2390f66013e449b",
                "sha256:07751360502caac1c067a8132d150cf3d61339af5691fe9e87803040dbc5db57",
                "sha256:0b4624f379dab24d3725ffde76559cff63d9ec94e1736b556dacdfebe5ab6d4b",
                "sha256:0ce82d761c532fe4ec3f87fc45688bdd3a4c1dc5e0b4a19814b9009a29baefd4",
                "sha256:1e4747bc279b4f613a09eb64bba2ba602d8a6664c6ce6396a4d0cd413a50ce07",
                "sha256:213c60cd50106436cc818accf5baa1aba61c0189ff610f64f4a3e8c6726218ba",
                "sha256:231710d57adfd809ef5d34183b8ed1eeae3f76459c18fb4a0b373ad56bedcdd9",
                "sha256:277a0ef2981ca40581a47093e9e2d13b3f1fbbeffae064c1d21bfceba2030287",
                "sha256:2cd5df3de48857ed0544b34e2d40e9fac445930039f3cfe4bcc592a1f836d513",
                "sha256:40527857252b61eacd1d9af500c3337ba8deb8fc298940291486c465c8b46ec0",
                "sha256:432557aa2c09802be39460360ddffd48156e30721f5e8d917f01d31694216782",
                "sha256:473f9edb243cb1935ab5a084eb238d842fb8f404ed2193a915d1784b5a6b5fc0",
                "sha256:48c346915c114f5fdb3ead70312bd042a953a8ce5c7106d5bfb1a5254e47da92",
                "sha256:50602afada6d6cbfad699b0c7bb50d5ccffa7e46a3d738092afddc1f9758427f",
                "sha256:68fb519c14306fec9720a2a5b45bc9f0c8d1b9c72adf45c37baedfcd949c35a2",
                "sha256:77f396e6ef4c73fdc33a9157446466f1cff553d979bd00ecb64385760c6babdc",
                "sha256:81957921f441d50af23654aa6c5e5eaf9b06aba7f0a19c18a538dc7ef291c5a1",
                "sha256:819b3830a1543db06c4d4b865e70ded25be52a2e0631ccd2f6a47a2822f2fd7c",
                "sha256:897b80890765f037df3403d22bab41627ca8811ae55e9a722fd0392850ec4d86",
                "sha256:98c4d36e99714e55cfbaaee6dd5badbc9a1ec339ebfc3b1f52e293aee6bb71a4",
                "sha256:9df7ed3b3d2e0ecfe09e14741b857df43adb5a3ddadc919a2d94fbdf78fea53c",
                "sha256:9fa600030013c4de8165339db93d182b9431076eb98eb40ee068700c9c813e34",
                "sha256:a80a78046a72361de73f8f395f1f1e49f956c6be882eed58505a15f3e430962b",
                "sha256:afa17f5bc4d1b10afd4466fd3a44dc0e245382deca5b3c353d8b757f9e3ecb8d",
                "sha256:b3d267842bf12586ba6c734f89d1f5b871df0273157918b0ccefa29deb05c21c",
                "sha256:b5b9eccad747aabaaffbc6064800670f0c297e52c12754eb1d976c57e4f74dcb",
                "sha256:bfaef573a63ba8923503d27530362590ff4f576c626d86a9fed95822a8255fd7",
                "sha256:c5687b8d43cf58545ade1fe3e055f70eac7a5a1a0bf42824308d868289a95737",
                "sha256:cba8c411ef271aa037d7357a2bc8f9ee8b58b9965831d9e51baf703280dc73d3",
                "sha256:d15a181d1ecd0d4270dc32edb46f7cb7733c7c508857278d3d378d14d606db2d",
                "sha256:d4b0ba9512519522b118090257be113b9468d804b19d63c71dbcf4a48fa32358",
                "sha256:d4db7c7aef085872ef65a8fd7d6d09a14ae91f691dec3e87ee5ee0539d516f53",
                "sha256:d4eccecf9adf6fbcc6861a38015c2a64f38b9d94838ac1810a9023a0609e1b78",
                "sha256:d67d839ede4ed1b28a4e8909735fc992a923cdb84e618544973d7dfc71540803",
                "sha256:daf496c58a8c52083df09b80c860005194014c3698698d1a57cbcfa182142a3a",
                "sha256:dbad0e9d368bb989f4515da330b88a057617d16b6a8245084f1b05400f24609f",
                "sha256:e61ceaab6f49fb8bdfaa0f92c4b57bcfbea54c09277b1b4f7ac376bfb7a7c174",
                "sha256:f84fbc98b019fef2ee9a1cb3ce93e3187a6df0b2538a651bfb890254ba9f90b5"
            ],
            "markers": "python_full_version >= '3.6.0'",
            "version": "==6.0"
        },
        "requests": {
            "hashes": [
                "sha256:7c5599b102feddaa661c826c56ab4fee28bfd17f5abca1ebbe3e7f19d7c97983",
                "sha256:8fefa2a1a1365bf5520aac41836fbee479da67864514bdb821f31ce07ce65349"
            ],
            "markers": "python_version >= '3.7' and python_version < '4'",
            "version": "==2.28.1"
        },
        "sanitized-package": {
            "editable": true,
            "path": "."
        },
        "setuptools": {
            "hashes": [
                "sha256:57f6f22bde4e042978bcd50176fdb381d7c21a9efa4041202288d3737a0c6a54",
                "sha256:a7620757bf984b58deaf32fc8a4577a9bbc0850cf92c20e1ce41c38c19e5fb75"
            ],
            "markers": "python_version >= '3.7'",
            "version": "==65.6.3"
        },
        "six": {
            "hashes": [
                "sha256:1e61c37477a1626458e36f7b1d82aa5c9b094fa4802892072e49de9c60c4c926",
                "sha256:8abb2f1d86890a2dfb989f9a77cfcfd3e47c2a354b01111771326f8aa26e0254"
            ],
            "markers": "python_version >= '2.7' and python_version not in '3.0, 3.1, 3.2, 3.3'",
            "version": "==1.16.0"
        },
        "sqlparse": {
            "hashes": [
                "sha256:0323c0ec29cd52bceabc1b4d9d579e311f3e4961b98d174201d5622a23b85e34",
                "sha256:69ca804846bb114d2ec380e4360a8a340db83f0ccf3afceeb1404df028f57268"
            ],
            "markers": "python_version >= '3.5'",
            "version": "==0.4.3"
        },
        "toml": {
            "hashes": [
                "sha256:806143ae5bfb6a3c6e736a764057db0e6a0e05e338b5630894a5f779cabb4f9b",
                "sha256:b3bda1d108d5dd99f4a20d24d9c348e91c4db7ab1b749200bded2f839ccbe68f"
            ],
            "markers": "python_version >= '2.6' and python_version not in '3.0, 3.1, 3.2, 3.3'",
            "version": "==0.10.2"
        },
        "typing-extensions": {
            "hashes": [
                "sha256:1511434bb92bf8dd198c12b1cc812e800d4181cfcb867674e0f8279cc93087aa",
                "sha256:16fa4864408f655d35ec496218b85f79b3437c829e93320c7c9215ccfd92489e"
            ],
            "markers": "python_version >= '3.7'",
            "version": "==4.4.0"
        },
        "urllib3": {
            "hashes": [
                "sha256:47cc05d99aaa09c9e72ed5809b60e7ba354e64b59c9c173ac3018642d8bb41fc",
                "sha256:c083dd0dce68dbfbe1129d5271cb90f9447dea7d52097c6e0126120c521ddea8"
            ],
            "markers": "python_version >= '2.7' and python_version not in '3.0, 3.1, 3.2, 3.3, 3.4, 3.5'",
            "version": "==1.26.13"
        },
        "virtualenv": {
            "hashes": [
                "sha256:ce3b1684d6e1a20a3e5ed36795a97dfc6af29bc3970ca8dab93e11ac6094b3c4",
                "sha256:f8b927684efc6f1cc206c9db297a570ab9ad0e51c16fa9e45487d36d1905c058"
            ],
            "markers": "python_full_version >= '3.6.0'",
            "version": "==20.17.1"
        },
        "wrapt": {
            "hashes": [
                "sha256:00b6d4ea20a906c0ca56d84f93065b398ab74b927a7a3dbd470f6fc503f95dc3",
                "sha256:01c205616a89d09827986bc4e859bcabd64f5a0662a7fe95e0d359424e0e071b",
                "sha256:02b41b633c6261feff8ddd8d11c711df6842aba629fdd3da10249a53211a72c4",
                "sha256:07f7a7d0f388028b2df1d916e94bbb40624c59b48ecc6cbc232546706fac74c2",
                "sha256:11871514607b15cfeb87c547a49bca19fde402f32e2b1c24a632506c0a756656",
                "sha256:1b376b3f4896e7930f1f772ac4b064ac12598d1c38d04907e696cc4d794b43d3",
                "sha256:21ac0156c4b089b330b7666db40feee30a5d52634cc4560e1905d6529a3897ff",
                "sha256:257fd78c513e0fb5cdbe058c27a0624c9884e735bbd131935fd49e9fe719d310",
                "sha256:2b39d38039a1fdad98c87279b48bc5dce2c0ca0d73483b12cb72aa9609278e8a",
                "sha256:2cf71233a0ed05ccdabe209c606fe0bac7379fdcf687f39b944420d2a09fdb57",
                "sha256:2fe803deacd09a233e4762a1adcea5db5d31e6be577a43352936179d14d90069",
                "sha256:3232822c7d98d23895ccc443bbdf57c7412c5a65996c30442ebe6ed3df335383",
                "sha256:34aa51c45f28ba7f12accd624225e2b1e5a3a45206aa191f6f9aac931d9d56fe",
                "sha256:36f582d0c6bc99d5f39cd3ac2a9062e57f3cf606ade29a0a0d6b323462f4dd87",
                "sha256:380a85cf89e0e69b7cfbe2ea9f765f004ff419f34194018a6827ac0e3edfed4d",
                "sha256:40e7bc81c9e2b2734ea4bc1aceb8a8f0ceaac7c5299bc5d69e37c44d9081d43b",
                "sha256:43ca3bbbe97af00f49efb06e352eae40434ca9d915906f77def219b88e85d907",
                "sha256:4fcc4649dc762cddacd193e6b55bc02edca674067f5f98166d7713b193932b7f",
                "sha256:5a0f54ce2c092aaf439813735584b9537cad479575a09892b8352fea5e988dc0",
                "sha256:5a9a0d155deafd9448baff28c08e150d9b24ff010e899311ddd63c45c2445e28",
                "sha256:5b02d65b9ccf0ef6c34cba6cf5bf2aab1bb2f49c6090bafeecc9cd81ad4ea1c1",
                "sha256:60db23fa423575eeb65ea430cee741acb7c26a1365d103f7b0f6ec412b893853",
                "sha256:642c2e7a804fcf18c222e1060df25fc210b9c58db7c91416fb055897fc27e8cc",
                "sha256:6a9a25751acb379b466ff6be78a315e2b439d4c94c1e99cb7266d40a537995d3",
                "sha256:6b1a564e6cb69922c7fe3a678b9f9a3c54e72b469875aa8018f18b4d1dd1adf3",
                "sha256:6d323e1554b3d22cfc03cd3243b5bb815a51f5249fdcbb86fda4bf62bab9e164",
                "sha256:6e743de5e9c3d1b7185870f480587b75b1cb604832e380d64f9504a0535912d1",
                "sha256:709fe01086a55cf79d20f741f39325018f4df051ef39fe921b1ebe780a66184c",
                "sha256:7b7c050ae976e286906dd3f26009e117eb000fb2cf3533398c5ad9ccc86867b1",
                "sha256:7d2872609603cb35ca513d7404a94d6d608fc13211563571117046c9d2bcc3d7",
                "sha256:7ef58fb89674095bfc57c4069e95d7a31cfdc0939e2a579882ac7d55aadfd2a1",
                "sha256:80bb5c256f1415f747011dc3604b59bc1f91c6e7150bd7db03b19170ee06b320",
                "sha256:81b19725065dcb43df02b37e03278c011a09e49757287dca60c5aecdd5a0b8ed",
                "sha256:833b58d5d0b7e5b9832869f039203389ac7cbf01765639c7309fd50ef619e0b1",
                "sha256:88bd7b6bd70a5b6803c1abf6bca012f7ed963e58c68d76ee20b9d751c74a3248",
                "sha256:8ad85f7f4e20964db4daadcab70b47ab05c7c1cf2a7c1e51087bfaa83831854c",
                "sha256:8c0ce1e99116d5ab21355d8ebe53d9460366704ea38ae4d9f6933188f327b456",
                "sha256:8d649d616e5c6a678b26d15ece345354f7c2286acd6db868e65fcc5ff7c24a77",
                "sha256:903500616422a40a98a5a3c4ff4ed9d0066f3b4c951fa286018ecdf0750194ef",
                "sha256:9736af4641846491aedb3c3f56b9bc5568d92b0692303b5a305301a95dfd38b1",
                "sha256:988635d122aaf2bdcef9e795435662bcd65b02f4f4c1ae37fbee7401c440b3a7",
                "sha256:9cca3c2cdadb362116235fdbd411735de4328c61425b0aa9f872fd76d02c4e86",
                "sha256:9e0fd32e0148dd5dea6af5fee42beb949098564cc23211a88d799e434255a1f4",
                "sha256:9f3e6f9e05148ff90002b884fbc2a86bd303ae847e472f44ecc06c2cd2fcdb2d",
                "sha256:a85d2b46be66a71bedde836d9e41859879cc54a2a04fad1191eb50c2066f6e9d",
                "sha256:a9a52172be0b5aae932bef82a79ec0a0ce87288c7d132946d645eba03f0ad8a8",
                "sha256:aa31fdcc33fef9eb2552cbcbfee7773d5a6792c137b359e82879c101e98584c5",
                "sha256:b014c23646a467558be7da3d6b9fa409b2c567d2110599b7cf9a0c5992b3b471",
                "sha256:b21bb4c09ffabfa0e85e3a6b623e19b80e7acd709b9f91452b8297ace2a8ab00",
                "sha256:b5901a312f4d14c59918c221323068fad0540e34324925c8475263841dbdfe68",
                "sha256:b9b7a708dd92306328117d8c4b62e2194d00c365f18eff11a9b53c6f923b01e3",
                "sha256:d1967f46ea8f2db647c786e78d8cc7e4313dbd1b0aca360592d8027b8508e24d",
                "sha256:d52a25136894c63de15a35bc0bdc5adb4b0e173b9c0d07a2be9d3ca64a332735",
                "sha256:d77c85fedff92cf788face9bfa3ebaa364448ebb1d765302e9af11bf449ca36d",
                "sha256:d79d7d5dc8a32b7093e81e97dad755127ff77bcc899e845f41bf71747af0c569",
                "sha256:dbcda74c67263139358f4d188ae5faae95c30929281bc6866d00573783c422b7",
                "sha256:ddaea91abf8b0d13443f6dac52e89051a5063c7d014710dcb4d4abb2ff811a59",
                "sha256:dee0ce50c6a2dd9056c20db781e9c1cfd33e77d2d569f5d1d9321c641bb903d5",
                "sha256:dee60e1de1898bde3b238f18340eec6148986da0455d8ba7848d50470a7a32fb",
                "sha256:e2f83e18fe2f4c9e7db597e988f72712c0c3676d337d8b101f6758107c42425b",
                "sha256:e3fb1677c720409d5f671e39bac6c9e0e422584e5f518bfd50aa4cbbea02433f",
                "sha256:ee2b1b1769f6707a8a445162ea16dddf74285c3964f605877a20e38545c3c462",
                "sha256:ee6acae74a2b91865910eef5e7de37dc6895ad96fa23603d1d27ea69df545015",
                "sha256:ef3f72c9666bba2bab70d2a8b79f2c6d2c1a42a7f7e2b0ec83bb2f9e383950af"
            ],
            "markers": "python_version >= '2.7' and python_version not in '3.0, 3.1, 3.2, 3.3, 3.4'",
            "version": "==1.14.1"
        },
        "zipp": {
            "hashes": [
                "sha256:83a28fcb75844b5c0cdaf5aa4003c2d728c77e05f5aeabe8e95e56727005fbaa",
                "sha256:a7a22e05929290a67401440b39690ae6563279bced5f314609d9d03798f56766"
            ],
            "markers": "python_version >= '3.7'",
            "version": "==3.11.0"
        }
    },
    "develop": {
        "attrs": {
            "hashes": [
                "sha256:29adc2665447e5191d0e7c568fde78b21f9672d344281d0c6e1ab085429b22b6",
                "sha256:86efa402f67bf2df34f51a335487cf46b1ec130d02b8d39fd248abfd30da551c"
            ],
            "markers": "python_version >= '3.5'",
            "version": "==22.1.0"
        },
        "certifi": {
            "hashes": [
                "sha256:35824b4c3a97115964b408844d64aa14db1cc518f6562e8d7261699d1350a9e3",
                "sha256:4ad3232f5e926d6718ec31cfc1fcadfde020920e278684144551c91769c7bc18"
            ],
            "markers": "python_full_version >= '3.6.0'",
            "version": "==2022.12.7"
        },
        "charset-normalizer": {
            "hashes": [
                "sha256:5a3d016c7c547f69d6f81fb0db9449ce888b418b5b9952cc5e6e66843e9dd845",
                "sha256:83e9a75d1911279afd89352c68b45348559d1fc0506b054b346651b5e7fee29f"
            ],
            "markers": "python_full_version >= '3.6.0'",
            "version": "==2.1.1"
        },
        "coverage": {
            "extras": [
                "toml"
            ],
            "hashes": [
                "sha256:0a8b0e86bede874bf5da566b02194fbb12dd14ce3585cabd58452007f272ba81",
                "sha256:100546219af59d2ad82d4575de03a303eb27b75ea36ffbd1677371924d50bcbc",
                "sha256:10b6246cae61896ab4c7568e498e492cbb73a2dfa4c3af79141c43cf806f929a",
                "sha256:215f40ef86f1958a1151fa7fad2b4f2f99534c4e10a34a1e065eba3f19ef8868",
                "sha256:2331b7bd84a1be79bd17ca8e103ce38db8cbf7cb354dc56e651ba489cf849212",
                "sha256:30220518dd89c4878908d73f5f3d1269f86e9e045354436534587a18c7b9da85",
                "sha256:32b94ad926e933976627f040f96dd1d9b0ac91f8d27e868c30a28253b9b6ac2d",
                "sha256:33efe89cd0efef016db19d8d05aa46631f76793de90a61b6717acb202b36fe60",
                "sha256:36b62f0220459e528ad5806cc7dede71aa716e067d2cb10cb4a09686b8791fba",
                "sha256:3c0deee68e0dae1d6e3fe6943c76d7e66fbeb6519bd08e4e5366bcc28a8a9aca",
                "sha256:3ec256a592b497f26054195f7d7148892aca8c4cdcc064a7cc66ef7a0455b811",
                "sha256:43ec1935c6d6caab4f3bc126d20bd709c0002a175d62208ebe745be37a826a41",
                "sha256:5885a4ceb6dde34271bb0adafa4a248a7f589c89821e9da3110c39f92f41e21b",
                "sha256:59e71912c7fc78d08a567ee65656123878f49ca1b5672e660ea70bf8dfbebf8f",
                "sha256:793dcd9d42035746fc7637df4336f7581df19d33c5c5253cf988c99d8e93a8ba",
                "sha256:8593c9baf1f0f273afa22f5b45508b76adc7b8e94e17e7d98fbe1e3cd5812af2",
                "sha256:8938f3a10f45019b502020ba9567b97b6ecc8c76b664b421705c5406d4f92fe8",
                "sha256:8dbf83a4611c591b5de65069b6fd4dd3889200ed270cd2f7f5ac765d3842889f",
                "sha256:8f1e6d9c70d45a960d3f3d781ea62b167fdf2e0e1f6bb282b96feea653adb923",
                "sha256:96b5b1f1079e48f56bfccf103bcf44d48b9eb5163f1ea523fad580f15d3fe5e0",
                "sha256:97c0b001ff15b8e8882995fc07ac0a08c8baf8b13c1145f3f12e0587bbb0e335",
                "sha256:9a175da2a7320e18fc3ee1d147639a2b3a8f037e508c96aa2da160294eb50e17",
                "sha256:9fadd15f9fcfd7b16d9cccce9f5e6ec6f9b8df860633ad9aa62c2b14c259560f",
                "sha256:a290b7921c1c05787b953e5854d394e887df40696f21381cc33c4e2179bf50ac",
                "sha256:a30b646fbdd5bc52f506e149fa4fbdef82432baf6b81774e61ec4e3b43b9cbde",
                "sha256:a6fff0f08bc5ffd0d78db821971472b4adc2ee876b86f743e46d634fb8e3c22f",
                "sha256:a7e1bb36b4e57a2d304322021b35d4e4a25fa0d501ba56e8e51efaebf4480556",
                "sha256:a8785791c2120af114ea7a06137f7778632e568a5aa2bbfc3b46c573b702af74",
                "sha256:ae088eb1cbdad8206931b1bf3f11dee644e038a9300be84d3e705e29356e5b1d",
                "sha256:b18df11efa615b79b9ecc13035a712957ff6283f7b244e57684e1c092869f541",
                "sha256:b8f7cd942dda3795fc9eadf303cc53a422ac057e3b70c2ad6d4276ec6a83a541",
                "sha256:bc904aa96105d73357de03de76336b1e3db28e2b12067d36625fd9646ab043fd",
                "sha256:bcaf18e46668057051a312c714a4548b81f7e8fb3454116ad97be7562d2a99e4",
                "sha256:bf437a04b9790d3c9cd5b48e9ce9aa84229040e3ae7d6c670a55118906113c5a",
                "sha256:c1ba6e63b831112b9484ff5905370d89e43d4316bac76d403031f60d61597466",
                "sha256:c4b63888bef2928d0eca12cbce0760cfb696acb4fe226eb55178b6a2a039328a",
                "sha256:c685fc17d6f4f1a3833e9dac27d0b931f7ccb52be6c30d269374203c7d0204a2",
                "sha256:cda63459eb20652b22e038729a8f5063862c189a3963cb042a764b753172f75e",
                "sha256:d43d406a4d73aa7f855fa44fa77ff47e739b565b2af3844600cdc016d01e46b9",
                "sha256:d564142a03d3bc8913499a458e931b52ddfe952f69b6cd4b24d810fd2959044a",
                "sha256:d6b4af31fb49a2ae8de1cd505fa66c403bfcc5066e845ac19d8904dcfc9d40da",
                "sha256:db8141856dc9be0917413df7200f53accf1d84c8b156868e6af058a1ea8e903a",
                "sha256:de06e7585abe88c6d38c1b73ce4c3cb4c1a79fbb0da0d0f8e8689ef5729ec60d",
                "sha256:e06abac1a4aec1ff989131e43ca917fc7bd296f34bf0cfe86cbf74343b21566d",
                "sha256:e645c73cbfc4577d93747d3f793115acf6f907a7eb9208fa807fdcf2da1964a4",
                "sha256:e907db8bdd0ad1253a33c20fdc5f0f6209d271114a9c6f1fcdf96617343f7ca0",
                "sha256:f2569682d6ea9628da8d6ba38579a48b1e53081226ec7a6c82b5024b3ce5009f",
                "sha256:f6a4bf5bdee93f6817797beba7086292c2ebde6df0d5822e0c33f8b05415c339",
                "sha256:f9071e197faa24837b967bc9aa0b9ef961f805a75f1ee3ea1f3367f55cd46c3c",
                "sha256:fb85b7a7a4b204bd59d6d0b0c8d87d9ffa820da225e691dfaffc3137dc05b5f6",
                "sha256:fee283cd36c3f14422d9c1b51da24ddbb5e1eed89ad2480f6a9f115df38b5df8"
            ],
            "markers": "python_version >= '3.7'",
            "version": "==7.0.0"
        },
        "idna": {
            "hashes": [
                "sha256:814f528e8dead7d329833b91c5faa87d60bf71824cd12a7530b5526063d02cb4",
                "sha256:90b77e79eaa3eba6de819a0c442c0b4ceefc341a7a2ab77d7562bf49f425c5c2"
            ],
            "markers": "python_version >= '3.5'",
            "version": "==3.4"
        },
        "iniconfig": {
            "hashes": [
                "sha256:011e24c64b7f47f6ebd835bb12a743f2fbe9a26d4cecaa7f53bc4f35ee9da8b3",
                "sha256:bc3af051d7d14b2ee5ef9969666def0cd1a000e121eaea580d4a313df4b37f32"
            ],
            "version": "==1.1.1"
        },
        "numpy": {
            "hashes": [
                "sha256:0104d8adaa3a4cc60c2777cab5196593bf8a7f416eda133be1f3803dd0838886",
                "sha256:0885d9a7666cafe5f9876c57bfee34226e2b2847bfb94c9505e18d81011e5401",
                "sha256:12bba5561d8118981f2f1ff069ecae200c05d7b6c78a5cdac0911f74bc71cbd1",
                "sha256:2f8e0df2ecc1928ef7256f18e309c9d6229b08b5be859163f5caa59c93d53646",
                "sha256:4445f472b246cad6514cc09fbb5ecb7aab09ca2acc3c16f29f8dca6c468af501",
                "sha256:4d01f7832fa319a36fd75ba10ea4027c9338ede875792f7bf617f4b45056fc3a",
                "sha256:4f5e78b8b710cd7cd1a8145994cfffc6ddd5911669a437777d8cedfce6c83a98",
                "sha256:667b5b1f6a352419e340f6475ef9930348ae5cb7fca15f2cc3afcb530823715e",
                "sha256:6e73a1f4f5b74a42abb55bc2b3d869f1b38cbc8776da5f8b66bf110284f7a437",
                "sha256:73cf2c5b5a07450f20a0c8e04d9955491970177dce8df8d6903bf253e53268e0",
                "sha256:7ad6a024a32ee61d18f5b402cd02e9c0e22c0fb9dc23751991b3a16d209d972e",
                "sha256:8b1ddfac6a82d4f3c8e99436c90b9c2c68c0bb14658d1684cdd00f05fab241f5",
                "sha256:90075ef2c6ac6397d0035bcd8b298b26e481a7035f7a3f382c047eb9c3414db0",
                "sha256:9387c7d6d50e8f8c31e7bfc034241e9c6f4b3eb5db8d118d6487047b922f82af",
                "sha256:9af91f794d2d3007d91d749ebc955302889261db514eb24caef30e03e8ec1e41",
                "sha256:ab11f6a7602cf8ea4c093e091938207de3068c5693a0520168ecf4395750f7ea",
                "sha256:ac4fe68f1a5a18136acebd4eff91aab8bed00d1ef2fdb34b5d9192297ffbbdfc",
                "sha256:ada6c1e9608ceadaf7020e1deea508b73ace85560a16f51bef26aecb93626a72",
                "sha256:c4ab7c9711fe6b235e86487ca74c1b092a6dd59a3cb45b63241ea0a148501853",
                "sha256:cec79ff3984b2d1d103183fc4a3361f5b55bbb66cb395cbf5a920a4bb1fd588d",
                "sha256:cf8960f72997e56781eb1c2ea256a70124f92a543b384f89e5fb3503a308b1d3",
                "sha256:d7f223554aba7280e6057727333ed357b71b7da7422d02ff5e91b857888c25d1",
                "sha256:dbb0490f0a880700a6cc4d000384baf19c1f4df59fff158d9482d4dbbca2b239",
                "sha256:e63d2157f9fc98cc178870db83b0e0c85acdadd598b134b00ebec9e0db57a01f",
                "sha256:ec3e5e8172a0a6a4f3c2e7423d4a8434c41349141b04744b11a90e017a95bad5",
                "sha256:f3c4a9a9f92734a4728ddbd331e0124eabbc968a0359a506e8e74a9b0d2d419b",
                "sha256:f9168790149f917ad8e3cf5047b353fefef753bd50b07c547da0bdf30bc15d91",
                "sha256:fe44e925c68fb5e8db1334bf30ac1a1b6b963b932a19cf41d2e899cf02f36aab"
            ],
            "markers": "python_version >= '3.8'",
            "version": "==1.24.0"
        },
        "packaging": {
            "hashes": [
                "sha256:2198ec20bd4c017b8f9717e00f0c8714076fc2fd93816750ab48e2c41de2cfd3",
                "sha256:957e2148ba0e1a3b282772e791ef1d8083648bc131c8ab0c1feba110ce1146c3"
            ],
            "markers": "python_version >= '3.7'",
            "version": "==22.0"
        },
        "pluggy": {
            "hashes": [
                "sha256:4224373bacce55f955a878bf9cfa763c1e360858e330072059e10bad68531159",
                "sha256:74134bbf457f031a36d68416e1509f34bd5ccc019f0bcc952c7b909d06b37bd3"
            ],
            "markers": "python_version >= '3.6'",
            "version": "==1.0.0"
        },
        "pytest": {
            "hashes": [
                "sha256:892f933d339f068883b6fd5a459f03d85bfcb355e4981e146d2c7616c21fef71",
                "sha256:c4014eb40e10f11f355ad4e3c2fb2c6c6d1919c73f3b5a433de4708202cade59"
            ],
            "index": "pypi",
            "version": "==7.2.0"
        },
        "pytest-cov": {
            "hashes": [
                "sha256:578d5d15ac4a25e5f961c938b85a05b09fdaae9deef3bb6de9a6e766622ca7a6",
                "sha256:e7f0f5b1617d2210a2cabc266dfe2f4c75a8d32fb89eafb7ad9d06f6d076d470"
            ],
            "index": "pypi",
            "version": "==3.0.0"
        },
        "requests": {
            "hashes": [
                "sha256:7c5599b102feddaa661c826c56ab4fee28bfd17f5abca1ebbe3e7f19d7c97983",
                "sha256:8fefa2a1a1365bf5520aac41836fbee479da67864514bdb821f31ce07ce65349"
            ],
            "markers": "python_version >= '3.7' and python_version < '4'",
            "version": "==2.28.1"
        },
        "responses": {
            "hashes": [
                "sha256:18831bc2d72443b67664d98038374a6fa1f27eaaff4dd9a7d7613723416fea3c",
                "sha256:644905bc4fb8a18fa37e3882b2ac05e610fe8c2f967d327eed669e314d94a541"
            ],
            "index": "pypi",
            "version": "==0.20.0"
        },
        "urllib3": {
            "hashes": [
                "sha256:47cc05d99aaa09c9e72ed5809b60e7ba354e64b59c9c173ac3018642d8bb41fc",
                "sha256:c083dd0dce68dbfbe1129d5271cb90f9447dea7d52097c6e0126120c521ddea8"
            ],
            "markers": "python_version >= '2.7' and python_version not in '3.0, 3.1, 3.2, 3.3, 3.4, 3.5'",
            "version": "==1.26.13"
        }
    }
}
